lockfileVersion: '6.0'

dependencies:
  eventemitter2:
    specifier: ^6.4.9
    version: 6.4.9
  jquery:
    specifier: ^3.6.1
    version: 3.6.1
  lodash-es:
    specifier: ^4.17.21
    version: 4.17.21
  mocha:
    specifier: ^10.2.0
    version: 10.2.0
  performance-now:
    specifier: ^2.1.0
    version: 2.1.0
  power-assert:
    specifier: ^1.6.1
    version: 1.6.1

packages:

  /acorn-es7-plugin@1.1.7:
    resolution: {integrity: sha1-8u4fMiipDurRJF+asZIusucdM2s=}
    dev: false

  /acorn@5.7.4:
    resolution: {integrity: sha1-Po2KmUfQWZoXltECJddDL0pKz14=}
    engines: {node: '>=0.4.0'}
    hasBin: true
    dev: false

  /ansi-colors@4.1.1:
    resolution: {integrity: sha1-y7muJWv3UK8eqzRPIpqif+lLo0g=}
    engines: {node: '>=6'}
    dev: false

  /ansi-regex@5.0.1:
    resolution: {integrity: sha1-CCyyyJyf6GWaMRpTvWpNxTAdswQ=}
    engines: {node: '>=8'}
    dev: false

  /ansi-styles@4.3.0:
    resolution: {integrity: sha1-7dgDYornHATIWuegkG7a00tkiTc=}
    engines: {node: '>=8'}
    dependencies:
      color-convert: 2.0.1
    dev: false

  /anymatch@3.1.3:
    resolution: {integrity: sha512-KMReFUr0B4t+D+OBkjR3KYqvocp2XaSzO55UcB6mgQMd3KbcE+mWTyvVV7D/zsdEbNnV6acZUutkiHQXvTr1Rw==}
    engines: {node: '>= 8'}
    dependencies:
      normalize-path: 3.0.0
      picomatch: 2.3.1
    dev: false

  /argparse@2.0.1:
    resolution: {integrity: sha1-JG9Q88p4oyQPbJl+ipvR6sSeSzg=}
    dev: false

  /array-filter@1.0.0:
    resolution: {integrity: sha1-uveeYubvTCpMC4MSMtr/7CUfnYM=}
    dev: false

  /balanced-match@1.0.2:
    resolution: {integrity: sha1-6D46fj8wCzTLnYf2FfoMvzV2kO4=}
    dev: false

  /binary-extensions@2.2.0:
    resolution: {integrity: sha1-dfUC7q+f/eQvyYgpZFvk6na9ni0=}
    engines: {node: '>=8'}
    dev: false

  /brace-expansion@1.1.11:
    resolution: {integrity: sha1-PH/L9SnYcibz0vUrlm/1Jx60Qd0=}
    dependencies:
      balanced-match: 1.0.2
      concat-map: 0.0.1
    dev: false

  /brace-expansion@2.0.1:
    resolution: {integrity: sha1-HtxFng8MVISG7Pn8mfIiE2S5oK4=}
    dependencies:
      balanced-match: 1.0.2
    dev: false

  /braces@3.0.2:
    resolution: {integrity: sha1-NFThpGLujVmeI23zNs2epPiv4Qc=}
    engines: {node: '>=8'}
    dependencies:
      fill-range: 7.0.1
    dev: false

  /browser-stdout@1.3.1:
    resolution: {integrity: sha1-uqVZ7hTO1zRSIputcyZGfGH6vWA=}
    dev: false

  /call-signature@0.0.2:
    resolution: {integrity: sha1-qEq8glpV70yysCi9dOIFpluaSZY=}
    engines: {node: '>=0.10.0'}
    dev: false

  /camelcase@6.3.0:
    resolution: {integrity: sha512-Gmy6FhYlCY7uOElZUSbxo2UCDH8owEk996gkbrpsgGtrJLM3J7jGxl9Ic7Qwwj4ivOE5AWZWRMecDdF7hqGjFA==}
    engines: {node: '>=10'}
    dev: false

  /chalk@4.1.2:
    resolution: {integrity: sha1-qsTit3NKdAhnrrFr8CqtVWoeegE=}
    engines: {node: '>=10'}
    dependencies:
      ansi-styles: 4.3.0
      supports-color: 7.2.0
    dev: false

  /chokidar@3.5.3:
    resolution: {integrity: sha512-Dr3sfKRP6oTcjf2JmUmFJfeVMvXBdegxB0iVQ5eb2V10uFJUCAS8OByZdVAyVb8xXNz3GjjTgj9kLWsZTqE6kw==}
    engines: {node: '>= 8.10.0'}
    dependencies:
      anymatch: 3.1.3
      braces: 3.0.2
      glob-parent: 5.1.2
      is-binary-path: 2.1.0
      is-glob: 4.0.3
      normalize-path: 3.0.0
      readdirp: 3.6.0
    optionalDependencies:
      fsevents: 2.3.3
    dev: false

  /cliui@7.0.4:
    resolution: {integrity: sha1-oCZe5lVHb8gHrqnfPfjfd4OAi08=}
    dependencies:
      string-width: 4.2.3
      strip-ansi: 6.0.1
      wrap-ansi: 7.0.0
    dev: false

  /color-convert@2.0.1:
    resolution: {integrity: sha1-ctOmjVmMm9s68q0ehPIdiWq9TeM=}
    engines: {node: '>=7.0.0'}
    dependencies:
      color-name: 1.1.4
    dev: false

  /color-name@1.1.4:
    resolution: {integrity: sha1-wqCah6y95pVD3m9j+jmVyCbFNqI=}
    dev: false

  /concat-map@0.0.1:
    resolution: {integrity: sha1-2Klr13/Wjfd5OnMDajug1UBdR3s=}
    dev: false

  /core-js@2.6.11:
    resolution: {integrity: sha1-OIMUafmSK97Y7iHJ3EaYXgOZMIw=}
    requiresBuild: true
    dev: false

  /debug@4.3.4(supports-color@8.1.1):
    resolution: {integrity: sha512-PRWFHuSU3eDtQJPvnNY7Jcket1j0t5OuOsFzPPzsekD52Zl8qUfFIPEiswXqIvHWGVHOgX+7G/vCNNhehwxfkQ==}
    engines: {node: '>=6.0'}
    peerDependencies:
      supports-color: '*'
    peerDependenciesMeta:
      supports-color:
        optional: true
    dependencies:
      ms: 2.1.2
      supports-color: 8.1.1
    dev: false

  /decamelize@4.0.0:
    resolution: {integrity: sha1-qkcte/Zg6xXzSU79UxyrfypwmDc=}
    engines: {node: '>=10'}
    dev: false

  /define-data-property@1.1.0:
    resolution: {integrity: sha512-UzGwzcjyv3OtAvolTj1GoyNYzfFR+iqbGjcnBEENZVCpM4/Ng1yhGNvS3lR/xDS74Tb2wGG9WzNSNIOS9UVb2g==}
    engines: {node: '>= 0.4'}
    dependencies:
      get-intrinsic: 1.2.1
      gopd: 1.0.1
      has-property-descriptors: 1.0.0
    dev: false

  /define-properties@1.2.1:
    resolution: {integrity: sha512-8QmQKqEASLd5nx0U1B1okLElbUuuttJ/AnYmRXbbbGDWh6uS208EjD4Xqq/I9wK7u0v6O08XhTWnt5XtEbR6Dg==}
    engines: {node: '>= 0.4'}
    dependencies:
      define-data-property: 1.1.0
      has-property-descriptors: 1.0.0
      object-keys: 1.1.1
    dev: false

  /diff-match-patch@1.0.5:
    resolution: {integrity: sha1-q7WE1fEM0Rlt/FWqA3AVkq4/ezc=}
    dev: false

  /diff@5.0.0:
    resolution: {integrity: sha1-ftatdthZ0DB4fsNYVfWx2vMdhSs=}
    engines: {node: '>=0.3.1'}
    dev: false

  /eastasianwidth@0.2.0:
    resolution: {integrity: sha1-aWzi7Aqg5uqTo5f/zySqeEDIJ8s=}
    dev: false

  /emoji-regex@8.0.0:
    resolution: {integrity: sha1-6Bj9ac5cz8tARZT4QpY79TFkzDc=}
    dev: false

  /empower-core@1.2.0:
    resolution: {integrity: sha1-zj+ySE1Rh/opwj+6g0Swsv31YBw=}
    dependencies:
      call-signature: 0.0.2
      core-js: 2.6.11
    dev: false

  /empower@1.3.1:
    resolution: {integrity: sha1-dol5y7s21x2PXtqrZj3qy52rkWw=}
    dependencies:
      core-js: 2.6.11
      empower-core: 1.2.0
    dev: false

  /escalade@3.1.1:
    resolution: {integrity: sha1-2M/ccACWXFoBdLSoLqpcBVJ0LkA=}
    engines: {node: '>=6'}
    dev: false

  /escape-string-regexp@4.0.0:
    resolution: {integrity: sha1-FLqDpdNz49MR5a/KKc9b+tllvzQ=}
    engines: {node: '>=10'}
    dev: false

  /espurify@1.8.1:
    resolution: {integrity: sha1-V0bGwatC0wLeEL0dW/fw6MBRUFY=}
    dependencies:
      core-js: 2.6.11
    dev: false

  /estraverse@4.3.0:
    resolution: {integrity: sha1-OYrT88WiSUi+dyXoPRGn3ijNvR0=}
    engines: {node: '>=4.0'}
    dev: false

  /eventemitter2@6.4.9:
    resolution: {integrity: sha512-JEPTiaOt9f04oa6NOkc4aH+nVp5I3wEjpHbIPqfgCdD5v5bUzy7xQqwcVO2aDQgOWhI28da57HksMrzK9HlRxg==}
    dev: false

  /fill-range@7.0.1:
    resolution: {integrity: sha1-GRmmp8df44ssfHflGYU12prN2kA=}
    engines: {node: '>=8'}
    dependencies:
      to-regex-range: 5.0.1
    dev: false

  /find-up@5.0.0:
    resolution: {integrity: sha1-TJKBnstwg1YeT0okCoa+UZj1Nvw=}
    engines: {node: '>=10'}
    dependencies:
      locate-path: 6.0.0
      path-exists: 4.0.0
    dev: false

  /flat@5.0.2:
    resolution: {integrity: sha1-jKb+MyBp/6nTJMMnGYxZglnOskE=}
    hasBin: true
    dev: false

  /fs.realpath@1.0.0:
    resolution: {integrity: sha1-FQStJSMVjKpA20onh8sBQRmU6k8=}
    dev: false

  /fsevents@2.3.3:
    resolution: {integrity: sha512-5xoDfX+fL7faATnagmWPpbFtwh/R77WmMMqqHGS65C3vvB0YHrgF+B1YmZ3441tMj5n63k0212XNoJwzlhffQw==}
    engines: {node: ^8.16.0 || ^10.6.0 || >=11.0.0}
    os: [darwin]
    requiresBuild: true
    dev: false
    optional: true

  /function-bind@1.1.1:
    resolution: {integrity: sha1-pWiZ0+o8m6uHS7l3O3xe3pL0iV0=}
    dev: false

  /get-caller-file@2.0.5:
    resolution: {integrity: sha1-T5RBKoLbMvNuOwuXQfipf+sDH34=}
    engines: {node: 6.* || 8.* || >= 10.*}
    dev: false

  /get-intrinsic@1.2.1:
    resolution: {integrity: sha512-2DcsyfABl+gVHEfCOaTrWgyt+tb6MSEGmKq+kI5HwLbIYgjgmMcV8KQ41uaKz1xxUcn9tJtgFbQUEVcEbd0FYw==}
    dependencies:
      function-bind: 1.1.1
      has: 1.0.4
      has-proto: 1.0.1
      has-symbols: 1.0.3
    dev: false

  /glob-parent@5.1.2:
    resolution: {integrity: sha1-hpgyxYA0/mikCTwX3BXoNA2EAcQ=}
    engines: {node: '>= 6'}
    dependencies:
      is-glob: 4.0.3
    dev: false

  /glob@7.2.0:
    resolution: {integrity: sha1-0VU1r3cy4C6Uj0xBYovZECk/YCM=}
    dependencies:
      fs.realpath: 1.0.0
      inflight: 1.0.6
      inherits: 2.0.4
      minimatch: 3.1.2
      once: 1.4.0
      path-is-absolute: 1.0.1
    dev: false

  /gopd@1.0.1:
    resolution: {integrity: sha512-d65bNlIadxvpb/A2abVdlqKqV563juRnZ1Wtk6s1sIR8uNsXR70xqIzVqxVf1eTqDunwT2MkczEeaezCKTZhwA==}
    dependencies:
      get-intrinsic: 1.2.1
    dev: false

  /has-flag@4.0.0:
    resolution: {integrity: sha1-lEdx/ZyByBJlxNaUGGDaBrtZR5s=}
    engines: {node: '>=8'}
    dev: false

  /has-property-descriptors@1.0.0:
    resolution: {integrity: sha512-62DVLZGoiEBDHQyqG4w9xCuZ7eJEwNmJRWw2VY84Oedb7WFcA27fiEVe8oUQx9hAUJ4ekurquucTGwsyO1XGdQ==}
    dependencies:
      get-intrinsic: 1.2.1
    dev: false

  /has-proto@1.0.1:
    resolution: {integrity: sha512-7qE+iP+O+bgF9clE5+UoBFzE65mlBiVj3tKCrlNQ0Ogwm0BjpT/gK4SlLYDMybDh5I3TCTKnPPa0oMG7JDYrhg==}
    engines: {node: '>= 0.4'}
    dev: false

  /has-symbols@1.0.3:
    resolution: {integrity: sha512-l3LCuF6MgDNwTDKkdYGEihYjt5pRPbEg46rtlmnSPlUbgmB8LOIrKJbYYFBSbnPaJexMKtiPO8hmeRjRz2Td+A==}
    engines: {node: '>= 0.4'}
    dev: false

  /has@1.0.4:
    resolution: {integrity: sha512-qdSAmqLF6209RFj4VVItywPMbm3vWylknmB3nvNiUIs72xAimcM8nVYxYr7ncvZq5qzk9MKIZR8ijqD/1QuYjQ==}
    engines: {node: '>= 0.4.0'}
    dev: false

  /he@1.2.0:
    resolution: {integrity: sha1-hK5l+n6vsWX922FWauFLrwVmTw8=}
    hasBin: true
    dev: false

  /indexof@0.0.1:
    resolution: {integrity: sha1-gtwzbSMrkGIXnQWrMpOmYFn9Q10=}
    dev: false

  /inflight@1.0.6:
    resolution: {integrity: sha1-Sb1jMdfQLQwJvJEKEHW6gWW1bfk=}
    dependencies:
      once: 1.4.0
      wrappy: 1.0.2
    dev: false

  /inherits@2.0.4:
    resolution: {integrity: sha1-D6LGT5MpF8NDOg3tVTY6rjdBa3w=}
    dev: false

  /is-binary-path@2.1.0:
    resolution: {integrity: sha1-6h9/O4DwZCNug0cPhsCcJU+0Wwk=}
    engines: {node: '>=8'}
    dependencies:
      binary-extensions: 2.2.0
    dev: false

  /is-extglob@2.1.1:
    resolution: {integrity: sha1-qIwCU1eR8C7TfHahueqXc8gz+MI=}
    engines: {node: '>=0.10.0'}
    dev: false

  /is-fullwidth-code-point@3.0.0:
    resolution: {integrity: sha1-8Rb4Bk/pCz94RKOJl8C3UFEmnx0=}
    engines: {node: '>=8'}
    dev: false

  /is-glob@4.0.3:
    resolution: {integrity: sha1-ZPYeQsu7LuwgcanawLKLoeZdUIQ=}
    engines: {node: '>=0.10.0'}
    dependencies:
      is-extglob: 2.1.1
    dev: false

  /is-number@7.0.0:
    resolution: {integrity: sha1-dTU0W4lnNNX4DE0GxQlVUnoU8Ss=}
    engines: {node: '>=0.12.0'}
    dev: false

  /is-plain-obj@2.1.0:
    resolution: {integrity: sha1-ReQuN/zPH0Dajl927iFRWEDAkoc=}
    engines: {node: '>=8'}
    dev: false

  /is-unicode-supported@0.1.0:
    resolution: {integrity: sha1-PybHaoCVk7Ur+i7LVxDtJ3m1Iqc=}
    engines: {node: '>=10'}
    dev: false

  /jquery@3.6.1:
    resolution: {integrity: sha512-opJeO4nCucVnsjiXOE+/PcCgYw9Gwpvs/a6B1LL/lQhwWwpbVEVYDZ1FokFr8PRc7ghYlrFPuyHuiiDNTQxmcw==}
    dev: false

  /js-yaml@4.1.0:
    resolution: {integrity: sha1-wftl+PUBeQHN0slRhkuhhFihBgI=}
    hasBin: true
    dependencies:
      argparse: 2.0.1
    dev: false

  /locate-path@6.0.0:
    resolution: {integrity: sha1-VTIeswn+u8WcSAHZMackUqaB0oY=}
    engines: {node: '>=10'}
    dependencies:
      p-locate: 5.0.0
    dev: false

  /lodash-es@4.17.21:
    resolution: {integrity: sha1-Q+YmxG5lkbd1C+srUBFzkMYJ4+4=}
    dev: false

  /log-symbols@4.1.0:
    resolution: {integrity: sha1-P727lbRoOsn8eFER55LlWNSr1QM=}
    engines: {node: '>=10'}
    dependencies:
      chalk: 4.1.2
      is-unicode-supported: 0.1.0
    dev: false

  /minimatch@3.1.2:
    resolution: {integrity: sha512-J7p63hRiAjw1NDEww1W7i37+ByIrOWO5XQQAzZ3VOcL0PNybwpfmV/N05zFAzwQ9USyEcX6t3UO+K5aqBQOIHw==}
    dependencies:
      brace-expansion: 1.1.11
    dev: false

  /minimatch@5.0.1:
    resolution: {integrity: sha512-nLDxIFRyhDblz3qMuq+SoRZED4+miJ/G+tdDrjkkkRnjAsBexeGpgjLEQ0blJy7rHhR2b93rhQY4SvyWu9v03g==}
    engines: {node: '>=10'}
    dependencies:
      brace-expansion: 2.0.1
    dev: false

  /mocha@10.2.0:
    resolution: {integrity: sha512-IDY7fl/BecMwFHzoqF2sg/SHHANeBoMMXFlS9r0OXKDssYE1M5O43wUY/9BVPeIvfH2zmEbBfseqN9gBQZzXkg==}
    engines: {node: '>= 14.0.0'}
    hasBin: true
    dependencies:
      ansi-colors: 4.1.1
      browser-stdout: 1.3.1
      chokidar: 3.5.3
      debug: 4.3.4(supports-color@8.1.1)
      diff: 5.0.0
      escape-string-regexp: 4.0.0
      find-up: 5.0.0
      glob: 7.2.0
      he: 1.2.0
      js-yaml: 4.1.0
      log-symbols: 4.1.0
      minimatch: 5.0.1
      ms: 2.1.3
      nanoid: 3.3.3
      serialize-javascript: 6.0.0
      strip-json-comments: 3.1.1
      supports-color: 8.1.1
      workerpool: 6.2.1
      yargs: 16.2.0
      yargs-parser: 20.2.4
      yargs-unparser: 2.0.0
    dev: false

  /ms@2.1.2:
    resolution: {integrity: sha1-0J0fNXtEP0kzgqjrPM0YOHKuYAk=}
    dev: false

  /ms@2.1.3:
    resolution: {integrity: sha1-V0yBOM4dK1hh8LRFedut1gxmFbI=}
    dev: false

  /nanoid@3.3.3:
    resolution: {integrity: sha512-p1sjXuopFs0xg+fPASzQ28agW1oHD7xDsd9Xkf3T15H3c/cifrFHVwrh74PdoklAPi+i7MdRsE47vm2r6JoB+w==}
    engines: {node: ^10 || ^12 || ^13.7 || ^14 || >=15.0.1}
    hasBin: true
    dev: false

  /normalize-path@3.0.0:
    resolution: {integrity: sha1-Dc1p/yOhybEf0JeDFmRKA4ghamU=}
    engines: {node: '>=0.10.0'}
    dev: false

  /object-keys@1.1.1:
    resolution: {integrity: sha1-HEfyct8nfzsdrwYWd9nILiMixg4=}
    engines: {node: '>= 0.4'}
    dev: false

  /once@1.4.0:
    resolution: {integrity: sha1-WDsap3WWHUsROsF9nFC6753Xa9E=}
    dependencies:
      wrappy: 1.0.2
    dev: false

  /p-limit@3.1.0:
    resolution: {integrity: sha1-4drMvnjQ0TiMoYxk/qOOPlfjcGs=}
    engines: {node: '>=10'}
    dependencies:
      yocto-queue: 0.1.0
    dev: false

  /p-locate@5.0.0:
    resolution: {integrity: sha1-g8gxXGeFAF470CGDlBHJ4RDm2DQ=}
    engines: {node: '>=10'}
    dependencies:
      p-limit: 3.1.0
    dev: false

  /path-exists@4.0.0:
    resolution: {integrity: sha1-UTvb4tO5XXdi6METfvoZXGxhtbM=}
    engines: {node: '>=8'}
    dev: false

  /path-is-absolute@1.0.1:
    resolution: {integrity: sha1-F0uSaHNVNP+8es5r9TpanhtcX18=}
    engines: {node: '>=0.10.0'}
    dev: false

  /performance-now@2.1.0:
    resolution: {integrity: sha1-Ywn04OX6kT7BxpMHrjZLSzd8nns=}
    dev: false

  /picomatch@2.3.1:
    resolution: {integrity: sha512-JU3teHTNjmE2VCGFzuY8EXzCDVwEqB2a8fsIvwaStHhAWJEeVd1o1QD80CU6+ZdEXXSLbSsuLwJjkCBWqRQUVA==}
    engines: {node: '>=8.6'}
    dev: false

  /power-assert-context-formatter@1.2.0:
    resolution: {integrity: sha1-j75yaSKI7FpyA83yFci4OKYGHSo=}
    dependencies:
      core-js: 2.6.11
      power-assert-context-traversal: 1.2.0
    dev: false

  /power-assert-context-reducer-ast@1.2.0:
    resolution: {integrity: sha1-x8ocnjmm+3F/esX+nnbhkr9SXfM=}
    dependencies:
      acorn: 5.7.4
      acorn-es7-plugin: 1.1.7
      core-js: 2.6.11
      espurify: 1.8.1
      estraverse: 4.3.0
    dev: false

  /power-assert-context-traversal@1.2.0:
    resolution: {integrity: sha1-9ucUVLr2QN5cHJwnA0n1yasLLpQ=}
    dependencies:
      core-js: 2.6.11
      estraverse: 4.3.0
    dev: false

  /power-assert-formatter@1.4.1:
    resolution: {integrity: sha1-XcEl7VCj37HdomwZNH879Y7CiEo=}
    dependencies:
      core-js: 2.6.11
      power-assert-context-formatter: 1.2.0
      power-assert-context-reducer-ast: 1.2.0
      power-assert-renderer-assertion: 1.2.0
      power-assert-renderer-comparison: 1.2.0
      power-assert-renderer-diagram: 1.2.0
      power-assert-renderer-file: 1.2.0
    dev: false

  /power-assert-renderer-assertion@1.2.0:
    resolution: {integrity: sha1-Pbb/zaEGs3vB4GQyrQ10imgrFHo=}
    dependencies:
      power-assert-renderer-base: 1.1.1
      power-assert-util-string-width: 1.2.0
    dev: false

  /power-assert-renderer-base@1.1.1:
    resolution: {integrity: sha1-lqZQxv0F7hvB9mtUrWFELIs/Y+s=}
    dev: false

  /power-assert-renderer-comparison@1.2.0:
    resolution: {integrity: sha1-5PiBEyJaab6KpYbq0FrvmUYsBJU=}
    dependencies:
      core-js: 2.6.11
      diff-match-patch: 1.0.5
      power-assert-renderer-base: 1.1.1
      stringifier: 1.4.0
      type-name: 2.0.2
    dev: false

  /power-assert-renderer-diagram@1.2.0:
    resolution: {integrity: sha1-N/ZuhULlZ3xbWObXKwHA2aMOIhk=}
    dependencies:
      core-js: 2.6.11
      power-assert-renderer-base: 1.1.1
      power-assert-util-string-width: 1.2.0
      stringifier: 1.4.0
    dev: false

  /power-assert-renderer-file@1.2.0:
    resolution: {integrity: sha1-P0vr2eFFXXXPKsVB57tRWofUzks=}
    dependencies:
      power-assert-renderer-base: 1.1.1
    dev: false

  /power-assert-util-string-width@1.2.0:
    resolution: {integrity: sha1-bgbV41gbuHbF03fFMQn/+pW9kaA=}
    dependencies:
      eastasianwidth: 0.2.0
    dev: false

  /power-assert@1.6.1:
    resolution: {integrity: sha1-soy8Aq6Aiv0UMdDNUJOjmsWlsf4=}
    dependencies:
      define-properties: 1.2.1
      empower: 1.3.1
      power-assert-formatter: 1.4.1
      universal-deep-strict-equal: 1.2.2
      xtend: 4.0.2
    dev: false

  /randombytes@2.1.0:
    resolution: {integrity: sha1-32+ENy8CcNxlzfYpE0mrekc9Tyo=}
    dependencies:
      safe-buffer: 5.2.1
    dev: false

  /readdirp@3.6.0:
    resolution: {integrity: sha1-dKNwvYVxFuJFspzJc0DNQxoCpsc=}
    engines: {node: '>=8.10.0'}
    dependencies:
      picomatch: 2.3.1
    dev: false

  /require-directory@2.1.1:
    resolution: {integrity: sha1-jGStX9MNqxyXbiNE/+f3kqam30I=}
    engines: {node: '>=0.10.0'}
    dev: false

  /safe-buffer@5.2.1:
    resolution: {integrity: sha1-Hq+fqb2x/dTsdfWPnNtOa3gn7sY=}
    dev: false

  /serialize-javascript@6.0.0:
    resolution: {integrity: sha1-765diPRdeSQUHai1w6en5mP+/rg=}
    dependencies:
      randombytes: 2.1.0
    dev: false

  /string-width@4.2.3:
    resolution: {integrity: sha1-JpxxF9J7Ba0uU2gwqOyJXvnG0BA=}
    engines: {node: '>=8'}
    dependencies:
      emoji-regex: 8.0.0
      is-fullwidth-code-point: 3.0.0
      strip-ansi: 6.0.1
    dev: false

  /stringifier@1.4.0:
    resolution: {integrity: sha1-1wRYFWf0UmJl0A7Y7LNUoCw/7Cg=}
    dependencies:
      core-js: 2.6.11
      traverse: 0.6.7
      type-name: 2.0.2
    dev: false

  /strip-ansi@6.0.1:
    resolution: {integrity: sha1-nibGPTD1NEPpSJSVshBdN7Z6hdk=}
    engines: {node: '>=8'}
    dependencies:
      ansi-regex: 5.0.1
    dev: false

  /strip-json-comments@3.1.1:
    resolution: {integrity: sha1-MfEoGzgyYwQ0gxwxDAHMzajL4AY=}
    engines: {node: '>=8'}
    dev: false

  /supports-color@7.2.0:
    resolution: {integrity: sha1-G33NyzK4E4gBs+R4umpRyqiWSNo=}
    engines: {node: '>=8'}
    dependencies:
      has-flag: 4.0.0
    dev: false

  /supports-color@8.1.1:
    resolution: {integrity: sha1-zW/BfihQDP9WwbhsCn/UpUpzAFw=}
    engines: {node: '>=10'}
    dependencies:
      has-flag: 4.0.0
    dev: false

  /to-regex-range@5.0.1:
    resolution: {integrity: sha1-FkjESq58jZiKMmAY7XL1tN0DkuQ=}
    engines: {node: '>=8.0'}
    dependencies:
      is-number: 7.0.0
    dev: false

  /traverse@0.6.7:
    resolution: {integrity: sha512-/y956gpUo9ZNCb99YjxG7OaslxZWHfCHAUUfshwqOXmxUIvqLjVO581BT+gM59+QV9tFe6/CGG53tsA1Y7RSdg==}
    dev: false

  /type-name@2.0.2:
    resolution: {integrity: sha1-7+fUEj2KxSr/9/QMfk3sUmYAj7Q=}
    dev: false

  /universal-deep-strict-equal@1.2.2:
    resolution: {integrity: sha1-DaSsL3PP95JMgfpN4BjKViyisKc=}
    dependencies:
      array-filter: 1.0.0
      indexof: 0.0.1
      object-keys: 1.1.1
    dev: false

  /workerpool@6.2.1:
    resolution: {integrity: sha512-ILEIE97kDZvF9Wb9f6h5aXK4swSlKGUcOEGiIYb2OOu/IrDU9iwj0fD//SsA6E5ibwJxpEvhullJY4Sl4GcpAw==}
    dev: false

  /wrap-ansi@7.0.0:
    resolution: {integrity: sha1-Z+FFz/UQpqaYS98RUpEdadLrnkM=}
    engines: {node: '>=10'}
    dependencies:
      ansi-styles: 4.3.0
      string-width: 4.2.3
      strip-ansi: 6.0.1
    dev: false

  /wrappy@1.0.2:
    resolution: {integrity: sha1-tSQ9jz7BqjXxNkYFvA0QNuMKtp8=}
    dev: false

  /xtend@4.0.2:
    resolution: {integrity: sha1-u3J3n1+kZRhrH0OPZ0+jR/2121Q=}
    engines: {node: '>=0.4'}
    dev: false

  /y18n@5.0.8:
    resolution: {integrity: sha1-f0k00PfKjFb5UxSTndzS3ZHOHVU=}
    engines: {node: '>=10'}
    dev: false

  /yargs-parser@20.2.4:
    resolution: {integrity: sha1-tCiQ8UVmeW+Fro46JSkNIF8VSlQ=}
    engines: {node: '>=10'}
    dev: false

  /yargs-unparser@2.0.0:
    resolution: {integrity: sha1-8TH5ImkRrl2a04xDL+gJNmwjJes=}
    engines: {node: '>=10'}
    dependencies:
      camelcase: 6.3.0
      decamelize: 4.0.0
      flat: 5.0.2
      is-plain-obj: 2.1.0
    dev: false

  /yargs@16.2.0:
    resolution: {integrity: sha1-HIK/D2tqZur85+8w43b0mhJHf2Y=}
    engines: {node: '>=10'}
    dependencies:
      cliui: 7.0.4
      escalade: 3.1.1
      get-caller-file: 2.0.5
      require-directory: 2.1.1
      string-width: 4.2.3
      y18n: 5.0.8
      yargs-parser: 20.2.4
    dev: false

  /yocto-queue@0.1.0:
    resolution: {integrity: sha1-ApTrPe4FAo0x7hpfosVWpqrxChs=}
    engines: {node: '>=10'}
    dev: false
